
Microsoft Visual Studio Solution File, Format Version 12.00
# Visual Studio Version 16
VisualStudioVersion = 16.0.31605.320
MinimumVisualStudioVersion = 10.0.40219.1
Project("{9A19103F-16F7-4668-BE54-9A1E7A4F7556}") = "MyCompany", "MyCompany\MyCompany.csproj", "{5A755CC0-5822-43B0-B015-622EE4ED8C48}"
EndProject
Global
	GlobalSection(SolutionConfigurationPlatforms) = preSolution
		Debug|Any CPU = Debug|Any CPU
		Release|Any CPU = Release|Any CPU
	EndGlobalSection
	GlobalSection(ProjectConfigurationPlatforms) = postSolution
		{5A755CC0-5822-43B0-B015-622EE4ED8C48}.Debug|Any CPU.ActiveCfg = Debug|Any CPU
		{5A755CC0-5822-43B0-B015-622EE4ED8C48}.Debug|Any CPU.Build.0 = Debug|Any CPU
		{5A755CC0-5822-43B0-B015-622EE4ED8C48}.Release|Any CPU.ActiveCfg = Release|Any CPU
		{5A755CC0-5822-43B0-B015-622EE4ED8C48}.Release|Any CPU.Build.0 = Release|Any CPU
	EndGlobalSection
	GlobalSection(SolutionProperties) = preSolution
		HideSolutionNode = FALSE
	EndGlobalSection
	GlobalSection(ExtensibilityGlobals) = postSolution
		SolutionGuid = {1E8E2E83-6333-4B3B-AC43-64FC1654972E}
	EndGlobalSection
EndGlobal
